
Microsoft Visual Studio Solution File, Format Version 10.00
# Visual Studio 2008
Project("{FAE04EC0-301F-11D3-BF4B-00C04F79EFBC}") = "GtkPrincipalThread", "GtkPrincipalThread\GtkPrincipalThread.csproj", "{AE50270B-2749-4C16-A3BC-8F4834E437E8}"
EndProject
Global
	GlobalSection(SolutionConfigurationPlatforms) = preSolution
		Debug|x86 = Debug|x86
		Release|x86 = Release|x86
	EndGlobalSection
	GlobalSection(ProjectConfigurationPlatforms) = postSolution
		{AE50270B-2749-4C16-A3BC-8F4834E437E8}.Debug|x86.ActiveCfg = Debug|x86
		{AE50270B-2749-4C16-A3BC-8F4834E437E8}.Debug|x86.Build.0 = Debug|x86
		{AE50270B-2749-4C16-A3BC-8F4834E437E8}.Release|x86.ActiveCfg = Release|x86
		{AE50270B-2749-4C16-A3BC-8F4834E437E8}.Release|x86.Build.0 = Release|x86
	EndGlobalSection
	GlobalSection(MonoDevelopProperties) = preSolution
		StartupItem = GtkPrincipalThread\GtkPrincipalThread.csproj
	EndGlobalSection
EndGlobal
